// !$*UTF8*$!
{
	archiveVersion = 1;
	classes = {
	};
	objectVersion = 46;
	objects = {

/* Begin PBXBuildFile section */
		6F287F402535E7A500178BBB /* template-1.1.min.js in Resources */ = {isa = PBXBuildFile; fileRef = 6F287F3F2535E7A500178BBB /* template-1.1.min.js */; };
		6FCAED671E23D3D900E26186 /* AppDelegate.swift in Sources */ = {isa = PBXBuildFile; fileRef = 6FCAED661E23D3D900E26186 /* AppDelegate.swift */; };
		6FCAED691E23D3D900E26186 /* ViewController.swift in Sources */ = {isa = PBXBuildFile; fileRef = 6FCAED681E23D3D900E26186 /* ViewController.swift */; };
		6FCAED6C1E23D3D900E26186 /* Main.storyboard in Resources */ = {isa = PBXBuildFile; fileRef = 6FCAED6A1E23D3D900E26186 /* Main.storyboard */; };
		6FCAED6E1E23D3D900E26186 /* Assets.xcassets in Resources */ = {isa = PBXBuildFile; fileRef = 6FCAED6D1E23D3D900E26186 /* Assets.xcassets */; };
		6FCAED711E23D3D900E26186 /* LaunchScreen.storyboard in Resources */ = {isa = PBXBuildFile; fileRef = 6FCAED6F1E23D3D900E26186 /* LaunchScreen.storyboard */; };
		6FCAEDAF1E2A291900E26186 /* JavaScriptCore.framework in Frameworks */ = {isa = PBXBuildFile; fileRef = 6FCAEDAE1E2A291900E26186 /* JavaScriptCore.framework */; };
		6FCAEDB21E2A292800E26186 /* test-template-modal.json in Resources */ = {isa = PBXBuildFile; fileRef = 6FCAEDB01E2A292800E26186 /* test-template-modal.json */; };
		6FCAEDB31E2A292800E26186 /* test-template.tmpl in Resources */ = {isa = PBXBuildFile; fileRef = 6FCAEDB11E2A292800E26186 /* test-template.tmpl */; };
		6FCAEDB51E2A303900E26186 /* ZHTHelperExport.swift in Sources */ = {isa = PBXBuildFile; fileRef = 6FCAEDB41E2A303900E26186 /* ZHTHelperExport.swift */; };
		6FCAEDB71E2A309C00E26186 /* ZHTHelperImpl.swift in Sources */ = {isa = PBXBuildFile; fileRef = 6FCAEDB61E2A309C00E26186 /* ZHTHelperImpl.swift */; };
/* End PBXBuildFile section */

/* Begin PBXFileReference section */
		6F287F3F2535E7A500178BBB /* template-1.1.min.js */ = {isa = PBXFileReference; fileEncoding = 4; lastKnownFileType = sourcecode.javascript; path = "template-1.1.min.js"; sourceTree = "<group>"; };
		6FCAED631E23D3D900E26186 /* TestTemplateJS-Swift.app */ = {isa = PBXFileReference; explicitFileType = wrapper.application; includeInIndex = 0; path = "TestTemplateJS-Swift.app"; sourceTree = BUILT_PRODUCTS_DIR; };
		6FCAED661E23D3D900E26186 /* AppDelegate.swift */ = {isa = PBXFileReference; lastKnownFileType = sourcecode.swift; path = AppDelegate.swift; sourceTree = "<group>"; };
		6FCAED681E23D3D900E26186 /* ViewController.swift */ = {isa = PBXFileReference; lastKnownFileType = sourcecode.swift; path = ViewController.swift; sourceTree = "<group>"; };
		6FCAED6B1E23D3D900E26186 /* Base */ = {isa = PBXFileReference; lastKnownFileType = file.storyboard; name = Base; path = Base.lproj/Main.storyboard; sourceTree = "<group>"; };
		6FCAED6D1E23D3D900E26186 /* Assets.xcassets */ = {isa = PBXFileReference; lastKnownFileType = folder.assetcatalog; path = Assets.xcassets; sourceTree = "<group>"; };
		6FCAED701E23D3D900E26186 /* Base */ = {isa = PBXFileReference; lastKnownFileType = file.storyboard; name = Base; path = Base.lproj/LaunchScreen.storyboard; sourceTree = "<group>"; };
		6FCAED721E23D3D900E26186 /* Info.plist */ = {isa = PBXFileReference; lastKnownFileType = text.plist.xml; path = Info.plist; sourceTree = "<group>"; };
		6FCAEDAE1E2A291900E26186 /* JavaScriptCore.framework */ = {isa = PBXFileReference; lastKnownFileType = wrapper.framework; name = JavaScriptCore.framework; path = System/Library/Frameworks/JavaScriptCore.framework; sourceTree = SDKROOT; };
		6FCAEDB01E2A292800E26186 /* test-template-modal.json */ = {isa = PBXFileReference; fileEncoding = 4; lastKnownFileType = text.json; path = "test-template-modal.json"; sourceTree = "<group>"; };
		6FCAEDB11E2A292800E26186 /* test-template.tmpl */ = {isa = PBXFileReference; fileEncoding = 4; lastKnownFileType = text; path = "test-template.tmpl"; sourceTree = "<group>"; };
		6FCAEDB41E2A303900E26186 /* ZHTHelperExport.swift */ = {isa = PBXFileReference; fileEncoding = 4; lastKnownFileType = sourcecode.swift; path = ZHTHelperExport.swift; sourceTree = "<group>"; };
		6FCAEDB61E2A309C00E26186 /* ZHTHelperImpl.swift */ = {isa = PBXFileReference; fileEncoding = 4; lastKnownFileType = sourcecode.swift; path = ZHTHelperImpl.swift; sourceTree = "<group>"; };
/* End PBXFileReference section */

/* Begin PBXFrameworksBuildPhase section */
		6FCAED601E23D3D900E26186 /* Frameworks */ = {
			isa = PBXFrameworksBuildPhase;
			buildActionMask = 2147483647;
			files = (
				6FCAEDAF1E2A291900E26186 /* JavaScriptCore.framework in Frameworks */,
			);
			runOnlyForDeploymentPostprocessing = 0;
		};
/* End PBXFrameworksBuildPhase section */

/* Begin PBXGroup section */
		6FCAED5A1E23D3D900E26186 = {
			isa = PBXGroup;
			children = (
				6FCAED651E23D3D900E26186 /* TestTemplateJS-Swift */,
				6FCAED641E23D3D900E26186 /* Products */,
				6FCAEDAD1E2A291900E26186 /* Frameworks */,
			);
			sourceTree = "<group>";
		};
		6FCAED641E23D3D900E26186 /* Products */ = {
			isa = PBXGroup;
			children = (
				6FCAED631E23D3D900E26186 /* TestTemplateJS-Swift.app */,
			);
			name = Products;
			sourceTree = "<group>";
		};
		6FCAED651E23D3D900E26186 /* TestTemplateJS-Swift */ = {
			isa = PBXGroup;
			children = (
				6FCAED661E23D3D900E26186 /* AppDelegate.swift */,
				6FCAED6D1E23D3D900E26186 /* Assets.xcassets */,
				6FCAED721E23D3D900E26186 /* Info.plist */,
				6FCAED6F1E23D3D900E26186 /* LaunchScreen.storyboard */,
				6FCAED6A1E23D3D900E26186 /* Main.storyboard */,
				6FCAEDB01E2A292800E26186 /* test-template-modal.json */,
				6F287F3F2535E7A500178BBB /* template-1.1.min.js */,
				6FCAEDB11E2A292800E26186 /* test-template.tmpl */,
				6FCAED681E23D3D900E26186 /* ViewController.swift */,
				6FCAEDB41E2A303900E26186 /* ZHTHelperExport.swift */,
				6FCAEDB61E2A309C00E26186 /* ZHTHelperImpl.swift */,
			);
			path = "TestTemplateJS-Swift";
			sourceTree = "<group>";
		};
		6FCAEDAD1E2A291900E26186 /* Frameworks */ = {
			isa = PBXGroup;
			children = (
				6FCAEDAE1E2A291900E26186 /* JavaScriptCore.framework */,
			);
			name = Frameworks;
			sourceTree = "<group>";
		};
/* End PBXGroup section */

/* Begin PBXNativeTarget section */
		6FCAED621E23D3D900E26186 /* TestTemplateJS-Swift */ = {
			isa = PBXNativeTarget;
			buildConfigurationList = 6FCAED751E23D3D900E26186 /* Build configuration list for PBXNativeTarget "TestTemplateJS-Swift" */;
			buildPhases = (
				6FCAED5F1E23D3D900E26186 /* Sources */,
				6FCAED601E23D3D900E26186 /* Frameworks */,
				6FCAED611E23D3D900E26186 /* Resources */,
			);
			buildRules = (
			);
			dependencies = (
			);
			name = "TestTemplateJS-Swift";
			productName = "TestTemplateJS-Swift";
			productReference = 6FCAED631E23D3D900E26186 /* TestTemplateJS-Swift.app */;
			productType = "com.apple.product-type.application";
		};
/* End PBXNativeTarget section */

/* Begin PBXProject section */
		6FCAED5B1E23D3D900E26186 /* Project object */ = {
			isa = PBXProject;
			attributes = {
				LastSwiftUpdateCheck = 0820;
				LastUpgradeCheck = 1200;
				ORGANIZATIONNAME = zhuatang;
				TargetAttributes = {
					6FCAED621E23D3D900E26186 = {
						CreatedOnToolsVersion = 8.2.1;
						DevelopmentTeam = 7MQC82TH5D;
						ProvisioningStyle = Automatic;
					};
				};
			};
			buildConfigurationList = 6FCAED5E1E23D3D900E26186 /* Build configuration list for PBXProject "TestTemplateJS-Swift" */;
			compatibilityVersion = "Xcode 3.2";
			developmentRegion = en;
			hasScannedForEncodings = 0;
			knownRegions = (
				en,
				Base,
			);
			mainGroup = 6FCAED5A1E23D3D900E26186;
			productRefGroup = 6FCAED641E23D3D900E26186 /* Products */;
			projectDirPath = "";
			projectRoot = "";
			targets = (
				6FCAED621E23D3D900E26186 /* TestTemplateJS-Swift */,
			);
		};
/* End PBXProject section */

/* Begin PBXResourcesBuildPhase section */
		6FCAED611E23D3D900E26186 /* Resources */ = {
			isa = PBXResourcesBuildPhase;
			buildActionMask = 2147483647;
			files = (
				6FCAEDB21E2A292800E26186 /* test-template-modal.json in Resources */,
				6FCAED711E23D3D900E26186 /* LaunchScreen.storyboard in Resources */,
				6FCAED6E1E23D3D900E26186 /* Assets.xcassets in Resources */,
				6F287F402535E7A500178BBB /* template-1.1.min.js in Resources */,
				6FCAEDB31E2A292800E26186 /* test-template.tmpl in Resources */,
				6FCAED6C1E23D3D900E26186 /* Main.storyboard in Resources */,
			);
			runOnlyForDeploymentPostprocessing = 0;
		};
/* End PBXResourcesBuildPhase section */

/* Begin PBXSourcesBuildPhase section */
		6FCAED5F1E23D3D900E26186 /* Sources */ = {
			isa = PBXSourcesBuildPhase;
			buildActionMask = 2147483647;
			files = (
				6FCAED691E23D3D900E26186 /* ViewController.swift in Sources */,
				6FCAEDB51E2A303900E26186 /* ZHTHelperExport.swift in Sources */,
				6FCAEDB71E2A309C00E26186 /* ZHTHelperImpl.swift in Sources */,
				6FCAED671E23D3D900E26186 /* AppDelegate.swift in Sources */,
			);
			runOnlyForDeploymentPostprocessing = 0;
		};
/* End PBXSourcesBuildPhase section */

/* Begin PBXVariantGroup section */
		6FCAED6A1E23D3D900E26186 /* Main.storyboard */ = {
			isa = PBXVariantGroup;
			children = (
				6FCAED6B1E23D3D900E26186 /* Base */,
			);
			name = Main.storyboard;
			sourceTree = "<group>";
		};
		6FCAED6F1E23D3D900E26186 /* LaunchScreen.storyboard */ = {
			isa = PBXVariantGroup;
			children = (
				6FCAED701E23D3D900E26186 /* Base */,
			);
			name = LaunchScreen.storyboard;
			sourceTree = "<group>";
		};
/* End PBXVariantGroup section */

/* Begin XCBuildConfiguration section */
		6FCAED731E23D3D900E26186 /* Debug */ = {
			isa = XCBuildConfiguration;
			buildSettings = {
				ALWAYS_SEARCH_USER_PATHS = NO;
				CLANG_ANALYZER_NONNULL = YES;
				CLANG_CXX_LANGUAGE_STANDARD = "gnu++0x";
				CLANG_CXX_LIBRARY = "libc++";
				CLANG_ENABLE_MODULES = YES;
				CLANG_ENABLE_OBJC_ARC = YES;
				CLANG_WARN_BLOCK_CAPTURE_AUTORELEASING = YES;
				CLANG_WARN_BOOL_CONVERSION = YES;
				CLANG_WARN_COMMA = YES;
				CLANG_WARN_CONSTANT_CONVERSION = YES;
				CLANG_WARN_DEPRECATED_OBJC_IMPLEMENTATIONS = YES;
				CLANG_WARN_DIRECT_OBJC_ISA_USAGE = YES_ERROR;
				CLANG_WARN_DOCUMENTATION_COMMENTS = YES;
				CLANG_WARN_EMPTY_BODY = YES;
				CLANG_WARN_ENUM_CONVERSION = YES;
				CLANG_WARN_INFINITE_RECURSION = YES;
				CLANG_WARN_INT_CONVERSION = YES;
				CLANG_WARN_NON_LITERAL_NULL_CONVERSION = YES;
				CLANG_WARN_OBJC_IMPLICIT_RETAIN_SELF = YES;
				CLANG_WARN_OBJC_LITERAL_CONVERSION = YES;
				CLANG_WARN_OBJC_ROOT_CLASS = YES_ERROR;
				CLANG_WARN_QUOTED_INCLUDE_IN_FRAMEWORK_HEADER = YES;
				CLANG_WARN_RANGE_LOOP_ANALYSIS = YES;
				CLANG_WARN_STRICT_PROTOTYPES = YES;
				CLANG_WARN_SUSPICIOUS_MOVE = YES;
				CLANG_WARN_UNREACHABLE_CODE = YES;
				CLANG_WARN__DUPLICATE_METHOD_MATCH = YES;
				"CODE_SIGN_IDENTITY[sdk=iphoneos*]" = "iPhone Developer";
				COPY_PHASE_STRIP = NO;
				DEBUG_INFORMATION_FORMAT = dwarf;
				ENABLE_STRICT_OBJC_MSGSEND = YES;
				ENABLE_TESTABILITY = YES;
				GCC_C_LANGUAGE_STANDARD = gnu99;
				GCC_DYNAMIC_NO_PIC = NO;
				GCC_NO_COMMON_BLOCKS = YES;
				GCC_OPTIMIZATION_LEVEL = 0;
				GCC_PREPROCESSOR_DEFINITIONS = (
					"DEBUG=1",
					"$(inherited)",
				);
				GCC_WARN_64_TO_32_BIT_CONVERSION = YES;
				GCC_WARN_ABOUT_RETURN_TYPE = YES_ERROR;
				GCC_WARN_UNDECLARED_SELECTOR = YES;
				GCC_WARN_UNINITIALIZED_AUTOS = YES_AGGRESSIVE;
				GCC_WARN_UNUSED_FUNCTION = YES;
				GCC_WARN_UNUSED_VARIABLE = YES;
				IPHONEOS_DEPLOYMENT_TARGET = 12.0;
				MTL_ENABLE_DEBUG_INFO = YES;
				ONLY_ACTIVE_ARCH = YES;
				SDKROOT = iphoneos;
				SWIFT_ACTIVE_COMPILATION_CONDITIONS = DEBUG;
				SWIFT_OPTIMIZATION_LEVEL = "-Onone";
				TARGETED_DEVICE_FAMILY = "1,2";
			};
			name = Debug;
		};
		6FCAED741E23D3D900E26186 /* Release */ = {
			isa = XCBuildConfiguration;
			buildSettings = {
				ALWAYS_SEARCH_USER_PATHS = NO;
				CLANG_ANALYZER_NONNULL = YES;
				CLANG_CXX_LANGUAGE_STANDARD = "gnu++0x";
				CLANG_CXX_LIBRARY = "libc++";
				CLANG_ENABLE_MODULES = YES;
				CLANG_ENABLE_OBJC_ARC = YES;
				CLANG_WARN_BLOCK_CAPTURE_AUTORELEASING = YES;
				CLANG_WARN_BOOL_CONVERSION = YES;
				CLANG_WARN_COMMA = YES;
				CLANG_WARN_CONSTANT_CONVERSION = YES;
				CLANG_WARN_DEPRECATED_OBJC_IMPLEMENTATIONS = YES;
				CLANG_WARN_DIRECT_OBJC_ISA_USAGE = YES_ERROR;
				CLANG_WARN_DOCUMENTATION_COMMENTS = YES;
				CLANG_WARN_EMPTY_BODY = YES;
				CLANG_WARN_ENUM_CONVERSION = YES;
				CLANG_WARN_INFINITE_RECURSION = YES;
				CLANG_WARN_INT_CONVERSION = YES;
				CLANG_WARN_NON_LITERAL_NULL_CONVERSION = YES;
				CLANG_WARN_OBJC_IMPLICIT_RETAIN_SELF = YES;
				CLANG_WARN_OBJC_LITERAL_CONVERSION = YES;
				CLANG_WARN_OBJC_ROOT_CLASS = YES_ERROR;
				CLANG_WARN_QUOTED_INCLUDE_IN_FRAMEWORK_HEADER = YES;
				CLANG_WARN_RANGE_LOOP_ANALYSIS = YES;
				CLANG_WARN_STRICT_PROTOTYPES = YES;
				CLANG_WARN_SUSPICIOUS_MOVE = YES;
				CLANG_WARN_UNREACHABLE_CODE = YES;
				CLANG_WARN__DUPLICATE_METHOD_MATCH = YES;
				"CODE_SIGN_IDENTITY[sdk=iphoneos*]" = "iPhone Developer";
				COPY_PHASE_STRIP = NO;
				DEBUG_INFORMATION_FORMAT = "dwarf-with-dsym";
				ENABLE_NS_ASSERTIONS = NO;
				ENABLE_STRICT_OBJC_MSGSEND = YES;
				GCC_C_LANGUAGE_STANDARD = gnu99;
				GCC_NO_COMMON_BLOCKS = YES;
				GCC_WARN_64_TO_32_BIT_CONVERSION = YES;
				GCC_WARN_ABOUT_RETURN_TYPE = YES_ERROR;
				GCC_WARN_UNDECLARED_SELECTOR = YES;
				GCC_WARN_UNINITIALIZED_AUTOS = YES_AGGRESSIVE;
				GCC_WARN_UNUSED_FUNCTION = YES;
				GCC_WARN_UNUSED_VARIABLE = YES;
				IPHONEOS_DEPLOYMENT_TARGET = 12.0;
				MTL_ENABLE_DEBUG_INFO = NO;
				SDKROOT = iphoneos;
				SWIFT_OPTIMIZATION_LEVEL = "-Owholemodule";
				TARGETED_DEVICE_FAMILY = "1,2";
				VALIDATE_PRODUCT = YES;
			};
			name = Release;
		};
		6FCAED761E23D3D900E26186 /* Debug */ = {
			isa = XCBuildConfiguration;
			buildSettings = {
				ASSETCATALOG_COMPILER_APPICON_NAME = AppIcon;
				"CODE_SIGN_IDENTITY[sdk=iphoneos*]" = "iPhone Developer";
				DEVELOPMENT_TEAM = 7MQC82TH5D;
				INFOPLIST_FILE = "TestTemplateJS-Swift/Info.plist";
				LD_RUNPATH_SEARCH_PATHS = "$(inherited) @executable_path/Frameworks";
				PRODUCT_BUNDLE_IDENTIFIER = "com.zhuatang.TestTemplateJS-Swift";
				PRODUCT_NAME = "$(TARGET_NAME)";
				SWIFT_VERSION = 5.0;
			};
			name = Debug;
		};
		6FCAED771E23D3D900E26186 /* Release */ = {
			isa = XCBuildConfiguration;
			buildSettings = {
				ASSETCATALOG_COMPILER_APPICON_NAME = AppIcon;
				"CODE_SIGN_IDENTITY[sdk=iphoneos*]" = "iPhone Developer";
				DEVELOPMENT_TEAM = 7MQC82TH5D;
				INFOPLIST_FILE = "TestTemplateJS-Swift/Info.plist";
				LD_RUNPATH_SEARCH_PATHS = "$(inherited) @executable_path/Frameworks";
				PRODUCT_BUNDLE_IDENTIFIER = "com.zhuatang.TestTemplateJS-Swift";
				PRODUCT_NAME = "$(TARGET_NAME)";
				SWIFT_VERSION = 5.0;
			};
			name = Release;
		};
/* End XCBuildConfiguration section */

/* Begin XCConfigurationList section */
		6FCAED5E1E23D3D900E26186 /* Build configuration list for PBXProject "TestTemplateJS-Swift" */ = {
			isa = XCConfigurationList;
			buildConfigurations = (
				6FCAED731E23D3D900E26186 /* Debug */,
				6FCAED741E23D3D900E26186 /* Release */,
			);
			defaultConfigurationIsVisible = 0;
			defaultConfigurationName = Release;
		};
		6FCAED751E23D3D900E26186 /* Build configuration list for PBXNativeTarget "TestTemplateJS-Swift" */ = {
			isa = XCConfigurationList;
			buildConfigurations = (
				6FCAED761E23D3D900E26186 /* Debug */,
				6FCAED771E23D3D900E26186 /* Release */,
			);
			defaultConfigurationIsVisible = 0;
			defaultConfigurationName = Release;
		};
/* End XCConfigurationList section */
	};
	rootObject = 6FCAED5B1E23D3D900E26186 /* Project object */;
}
