// !$*UTF8*$!
{
	archiveVersion = 1;
	classes = {
	};
	objectVersion = 46;
	objects = {

/* Begin PBXBuildFile section */
		6FCAED861E23D3F300E26186 /* main.m in Sources */ = {isa = PBXBuildFile; fileRef = 6FCAED851E23D3F300E26186 /* main.m */; };
		6FCAED891E23D3F300E26186 /* AppDelegate.m in Sources */ = {isa = PBXBuildFile; fileRef = 6FCAED881E23D3F300E26186 /* AppDelegate.m */; };
		6FCAED8C1E23D3F300E26186 /* ViewController.m in Sources */ = {isa = PBXBuildFile; fileRef = 6FCAED8B1E23D3F300E26186 /* ViewController.m */; };
		6FCAED8F1E23D3F300E26186 /* Main.storyboard in Resources */ = {isa = PBXBuildFile; fileRef = 6FCAED8D1E23D3F300E26186 /* Main.storyboard */; };
		6FCAED911E23D3F300E26186 /* Assets.xcassets in Resources */ = {isa = PBXBuildFile; fileRef = 6FCAED901E23D3F300E26186 /* Assets.xcassets */; };
		6FCAED941E23D3F300E26186 /* LaunchScreen.storyboard in Resources */ = {isa = PBXBuildFile; fileRef = 6FCAED921E23D3F300E26186 /* LaunchScreen.storyboard */; };
		6FCAED9C1E23D41C00E26186 /* template-1.0.min.js in Resources */ = {isa = PBXBuildFile; fileRef = 6FCAED9B1E23D41C00E26186 /* template-1.0.min.js */; };
		6FCAEDA31E2A1F9200E26186 /* test-template.tmpl in Resources */ = {isa = PBXBuildFile; fileRef = 6FCAEDA21E2A1F9200E26186 /* test-template.tmpl */; };
		6FCAEDA71E2A1FE800E26186 /* JavaScriptCore.framework in Frameworks */ = {isa = PBXBuildFile; fileRef = 6FCAEDA61E2A1FE800E26186 /* JavaScriptCore.framework */; };
		6FCAEDAA1E2A203100E26186 /* ZHTHelperImpl.m in Sources */ = {isa = PBXBuildFile; fileRef = 6FCAEDA91E2A203100E26186 /* ZHTHelperImpl.m */; };
		6FCAEDAC1E2A240900E26186 /* test-template-modal.json in Resources */ = {isa = PBXBuildFile; fileRef = 6FCAEDAB1E2A240900E26186 /* test-template-modal.json */; };
/* End PBXBuildFile section */

/* Begin PBXFileReference section */
		6FCAED811E23D3F300E26186 /* TestTemplateJS-Objc.app */ = {isa = PBXFileReference; explicitFileType = wrapper.application; includeInIndex = 0; path = "TestTemplateJS-Objc.app"; sourceTree = BUILT_PRODUCTS_DIR; };
		6FCAED851E23D3F300E26186 /* main.m */ = {isa = PBXFileReference; lastKnownFileType = sourcecode.c.objc; path = main.m; sourceTree = "<group>"; };
		6FCAED871E23D3F300E26186 /* AppDelegate.h */ = {isa = PBXFileReference; lastKnownFileType = sourcecode.c.h; path = AppDelegate.h; sourceTree = "<group>"; };
		6FCAED881E23D3F300E26186 /* AppDelegate.m */ = {isa = PBXFileReference; lastKnownFileType = sourcecode.c.objc; path = AppDelegate.m; sourceTree = "<group>"; };
		6FCAED8A1E23D3F300E26186 /* ViewController.h */ = {isa = PBXFileReference; lastKnownFileType = sourcecode.c.h; path = ViewController.h; sourceTree = "<group>"; };
		6FCAED8B1E23D3F300E26186 /* ViewController.m */ = {isa = PBXFileReference; lastKnownFileType = sourcecode.c.objc; path = ViewController.m; sourceTree = "<group>"; };
		6FCAED8E1E23D3F300E26186 /* Base */ = {isa = PBXFileReference; lastKnownFileType = file.storyboard; name = Base; path = Base.lproj/Main.storyboard; sourceTree = "<group>"; };
		6FCAED901E23D3F300E26186 /* Assets.xcassets */ = {isa = PBXFileReference; lastKnownFileType = folder.assetcatalog; path = Assets.xcassets; sourceTree = "<group>"; };
		6FCAED931E23D3F300E26186 /* Base */ = {isa = PBXFileReference; lastKnownFileType = file.storyboard; name = Base; path = Base.lproj/LaunchScreen.storyboard; sourceTree = "<group>"; };
		6FCAED951E23D3F300E26186 /* Info.plist */ = {isa = PBXFileReference; lastKnownFileType = text.plist.xml; path = Info.plist; sourceTree = "<group>"; };
		6FCAED9B1E23D41C00E26186 /* template-1.0.min.js */ = {isa = PBXFileReference; fileEncoding = 4; lastKnownFileType = sourcecode.javascript; path = "template-1.0.min.js"; sourceTree = "<group>"; };
		6FCAEDA21E2A1F9200E26186 /* test-template.tmpl */ = {isa = PBXFileReference; fileEncoding = 4; lastKnownFileType = text; path = "test-template.tmpl"; sourceTree = "<group>"; };
		6FCAEDA41E2A1FD800E26186 /* ZHTHelperExport.h */ = {isa = PBXFileReference; fileEncoding = 4; lastKnownFileType = sourcecode.c.h; path = ZHTHelperExport.h; sourceTree = "<group>"; };
		6FCAEDA61E2A1FE800E26186 /* JavaScriptCore.framework */ = {isa = PBXFileReference; lastKnownFileType = wrapper.framework; name = JavaScriptCore.framework; path = System/Library/Frameworks/JavaScriptCore.framework; sourceTree = SDKROOT; };
		6FCAEDA81E2A203100E26186 /* ZHTHelperImpl.h */ = {isa = PBXFileReference; fileEncoding = 4; lastKnownFileType = sourcecode.c.h; path = ZHTHelperImpl.h; sourceTree = "<group>"; };
		6FCAEDA91E2A203100E26186 /* ZHTHelperImpl.m */ = {isa = PBXFileReference; fileEncoding = 4; lastKnownFileType = sourcecode.c.objc; path = ZHTHelperImpl.m; sourceTree = "<group>"; };
		6FCAEDAB1E2A240900E26186 /* test-template-modal.json */ = {isa = PBXFileReference; fileEncoding = 4; lastKnownFileType = text.json; path = "test-template-modal.json"; sourceTree = "<group>"; };
/* End PBXFileReference section */

/* Begin PBXFrameworksBuildPhase section */
		6FCAED7E1E23D3F300E26186 /* Frameworks */ = {
			isa = PBXFrameworksBuildPhase;
			buildActionMask = 2147483647;
			files = (
				6FCAEDA71E2A1FE800E26186 /* JavaScriptCore.framework in Frameworks */,
			);
			runOnlyForDeploymentPostprocessing = 0;
		};
/* End PBXFrameworksBuildPhase section */

/* Begin PBXGroup section */
		6FCAED781E23D3F300E26186 = {
			isa = PBXGroup;
			children = (
				6FCAED831E23D3F300E26186 /* TestTemplateJS-Objc */,
				6FCAED821E23D3F300E26186 /* Products */,
				6FCAEDA51E2A1FE800E26186 /* Frameworks */,
			);
			sourceTree = "<group>";
		};
		6FCAED821E23D3F300E26186 /* Products */ = {
			isa = PBXGroup;
			children = (
				6FCAED811E23D3F300E26186 /* TestTemplateJS-Objc.app */,
			);
			name = Products;
			sourceTree = "<group>";
		};
		6FCAED831E23D3F300E26186 /* TestTemplateJS-Objc */ = {
			isa = PBXGroup;
			children = (
				6FCAED871E23D3F300E26186 /* AppDelegate.h */,
				6FCAED881E23D3F300E26186 /* AppDelegate.m */,
				6FCAED901E23D3F300E26186 /* Assets.xcassets */,
				6FCAED951E23D3F300E26186 /* Info.plist */,
				6FCAED921E23D3F300E26186 /* LaunchScreen.storyboard */,
				6FCAED8D1E23D3F300E26186 /* Main.storyboard */,
				6FCAED841E23D3F300E26186 /* Supporting Files */,
				6FCAED9B1E23D41C00E26186 /* template-1.0.min.js */,
				6FCAEDAB1E2A240900E26186 /* test-template-modal.json */,
				6FCAEDA21E2A1F9200E26186 /* test-template.tmpl */,
				6FCAED8A1E23D3F300E26186 /* ViewController.h */,
				6FCAED8B1E23D3F300E26186 /* ViewController.m */,
				6FCAEDA41E2A1FD800E26186 /* ZHTHelperExport.h */,
				6FCAEDA81E2A203100E26186 /* ZHTHelperImpl.h */,
				6FCAEDA91E2A203100E26186 /* ZHTHelperImpl.m */,
			);
			path = "TestTemplateJS-Objc";
			sourceTree = "<group>";
		};
		6FCAED841E23D3F300E26186 /* Supporting Files */ = {
			isa = PBXGroup;
			children = (
				6FCAED851E23D3F300E26186 /* main.m */,
			);
			name = "Supporting Files";
			sourceTree = "<group>";
		};
		6FCAEDA51E2A1FE800E26186 /* Frameworks */ = {
			isa = PBXGroup;
			children = (
				6FCAEDA61E2A1FE800E26186 /* JavaScriptCore.framework */,
			);
			name = Frameworks;
			sourceTree = "<group>";
		};
/* End PBXGroup section */

/* Begin PBXNativeTarget section */
		6FCAED801E23D3F300E26186 /* TestTemplateJS-Objc */ = {
			isa = PBXNativeTarget;
			buildConfigurationList = 6FCAED981E23D3F300E26186 /* Build configuration list for PBXNativeTarget "TestTemplateJS-Objc" */;
			buildPhases = (
				6FCAED7D1E23D3F300E26186 /* Sources */,
				6FCAED7E1E23D3F300E26186 /* Frameworks */,
				6FCAED7F1E23D3F300E26186 /* Resources */,
			);
			buildRules = (
			);
			dependencies = (
			);
			name = "TestTemplateJS-Objc";
			productName = "TestTemplateJS-Objc";
			productReference = 6FCAED811E23D3F300E26186 /* TestTemplateJS-Objc.app */;
			productType = "com.apple.product-type.application";
		};
/* End PBXNativeTarget section */

/* Begin PBXProject section */
		6FCAED791E23D3F300E26186 /* Project object */ = {
			isa = PBXProject;
			attributes = {
				LastUpgradeCheck = 0820;
				ORGANIZATIONNAME = zhuatang;
				TargetAttributes = {
					6FCAED801E23D3F300E26186 = {
						CreatedOnToolsVersion = 8.2.1;
						DevelopmentTeam = 7MQC82TH5D;
						ProvisioningStyle = Automatic;
					};
				};
			};
			buildConfigurationList = 6FCAED7C1E23D3F300E26186 /* Build configuration list for PBXProject "TestTemplateJS-Objc" */;
			compatibilityVersion = "Xcode 3.2";
			developmentRegion = English;
			hasScannedForEncodings = 0;
			knownRegions = (
				en,
				Base,
			);
			mainGroup = 6FCAED781E23D3F300E26186;
			productRefGroup = 6FCAED821E23D3F300E26186 /* Products */;
			projectDirPath = "";
			projectRoot = "";
			targets = (
				6FCAED801E23D3F300E26186 /* TestTemplateJS-Objc */,
			);
		};
/* End PBXProject section */

/* Begin PBXResourcesBuildPhase section */
		6FCAED7F1E23D3F300E26186 /* Resources */ = {
			isa = PBXResourcesBuildPhase;
			buildActionMask = 2147483647;
			files = (
				6FCAED9C1E23D41C00E26186 /* template-1.0.min.js in Resources */,
				6FCAED941E23D3F300E26186 /* LaunchScreen.storyboard in Resources */,
				6FCAEDA31E2A1F9200E26186 /* test-template.tmpl in Resources */,
				6FCAEDAC1E2A240900E26186 /* test-template-modal.json in Resources */,
				6FCAED911E23D3F300E26186 /* Assets.xcassets in Resources */,
				6FCAED8F1E23D3F300E26186 /* Main.storyboard in Resources */,
			);
			runOnlyForDeploymentPostprocessing = 0;
		};
/* End PBXResourcesBuildPhase section */

/* Begin PBXSourcesBuildPhase section */
		6FCAED7D1E23D3F300E26186 /* Sources */ = {
			isa = PBXSourcesBuildPhase;
			buildActionMask = 2147483647;
			files = (
				6FCAED8C1E23D3F300E26186 /* ViewController.m in Sources */,
				6FCAED891E23D3F300E26186 /* AppDelegate.m in Sources */,
				6FCAEDAA1E2A203100E26186 /* ZHTHelperImpl.m in Sources */,
				6FCAED861E23D3F300E26186 /* main.m in Sources */,
			);
			runOnlyForDeploymentPostprocessing = 0;
		};
/* End PBXSourcesBuildPhase section */

/* Begin PBXVariantGroup section */
		6FCAED8D1E23D3F300E26186 /* Main.storyboard */ = {
			isa = PBXVariantGroup;
			children = (
				6FCAED8E1E23D3F300E26186 /* Base */,
			);
			name = Main.storyboard;
			sourceTree = "<group>";
		};
		6FCAED921E23D3F300E26186 /* LaunchScreen.storyboard */ = {
			isa = PBXVariantGroup;
			children = (
				6FCAED931E23D3F300E26186 /* Base */,
			);
			name = LaunchScreen.storyboard;
			sourceTree = "<group>";
		};
/* End PBXVariantGroup section */

/* Begin XCBuildConfiguration section */
		6FCAED961E23D3F300E26186 /* Debug */ = {
			isa = XCBuildConfiguration;
			buildSettings = {
				ALWAYS_SEARCH_USER_PATHS = NO;
				CLANG_ANALYZER_NONNULL = YES;
				CLANG_CXX_LANGUAGE_STANDARD = "gnu++0x";
				CLANG_CXX_LIBRARY = "libc++";
				CLANG_ENABLE_MODULES = YES;
				CLANG_ENABLE_OBJC_ARC = YES;
				CLANG_WARN_BOOL_CONVERSION = YES;
				CLANG_WARN_CONSTANT_CONVERSION = YES;
				CLANG_WARN_DIRECT_OBJC_ISA_USAGE = YES_ERROR;
				CLANG_WARN_DOCUMENTATION_COMMENTS = YES;
				CLANG_WARN_EMPTY_BODY = YES;
				CLANG_WARN_ENUM_CONVERSION = YES;
				CLANG_WARN_INFINITE_RECURSION = YES;
				CLANG_WARN_INT_CONVERSION = YES;
				CLANG_WARN_OBJC_ROOT_CLASS = YES_ERROR;
				CLANG_WARN_SUSPICIOUS_MOVE = YES;
				CLANG_WARN_UNREACHABLE_CODE = YES;
				CLANG_WARN__DUPLICATE_METHOD_MATCH = YES;
				"CODE_SIGN_IDENTITY[sdk=iphoneos*]" = "iPhone Developer";
				COPY_PHASE_STRIP = NO;
				DEBUG_INFORMATION_FORMAT = dwarf;
				ENABLE_STRICT_OBJC_MSGSEND = YES;
				ENABLE_TESTABILITY = YES;
				GCC_C_LANGUAGE_STANDARD = gnu99;
				GCC_DYNAMIC_NO_PIC = NO;
				GCC_NO_COMMON_BLOCKS = YES;
				GCC_OPTIMIZATION_LEVEL = 0;
				GCC_PREPROCESSOR_DEFINITIONS = (
					"DEBUG=1",
					"$(inherited)",
				);
				GCC_WARN_64_TO_32_BIT_CONVERSION = YES;
				GCC_WARN_ABOUT_RETURN_TYPE = YES_ERROR;
				GCC_WARN_UNDECLARED_SELECTOR = YES;
				GCC_WARN_UNINITIALIZED_AUTOS = YES_AGGRESSIVE;
				GCC_WARN_UNUSED_FUNCTION = YES;
				GCC_WARN_UNUSED_VARIABLE = YES;
				IPHONEOS_DEPLOYMENT_TARGET = 10.2;
				MTL_ENABLE_DEBUG_INFO = YES;
				ONLY_ACTIVE_ARCH = YES;
				SDKROOT = iphoneos;
				TARGETED_DEVICE_FAMILY = "1,2";
			};
			name = Debug;
		};
		6FCAED971E23D3F300E26186 /* Release */ = {
			isa = XCBuildConfiguration;
			buildSettings = {
				ALWAYS_SEARCH_USER_PATHS = NO;
				CLANG_ANALYZER_NONNULL = YES;
				CLANG_CXX_LANGUAGE_STANDARD = "gnu++0x";
				CLANG_CXX_LIBRARY = "libc++";
				CLANG_ENABLE_MODULES = YES;
				CLANG_ENABLE_OBJC_ARC = YES;
				CLANG_WARN_BOOL_CONVERSION = YES;
				CLANG_WARN_CONSTANT_CONVERSION = YES;
				CLANG_WARN_DIRECT_OBJC_ISA_USAGE = YES_ERROR;
				CLANG_WARN_DOCUMENTATION_COMMENTS = YES;
				CLANG_WARN_EMPTY_BODY = YES;
				CLANG_WARN_ENUM_CONVERSION = YES;
				CLANG_WARN_INFINITE_RECURSION = YES;
				CLANG_WARN_INT_CONVERSION = YES;
				CLANG_WARN_OBJC_ROOT_CLASS = YES_ERROR;
				CLANG_WARN_SUSPICIOUS_MOVE = YES;
				CLANG_WARN_UNREACHABLE_CODE = YES;
				CLANG_WARN__DUPLICATE_METHOD_MATCH = YES;
				"CODE_SIGN_IDENTITY[sdk=iphoneos*]" = "iPhone Developer";
				COPY_PHASE_STRIP = NO;
				DEBUG_INFORMATION_FORMAT = "dwarf-with-dsym";
				ENABLE_NS_ASSERTIONS = NO;
				ENABLE_STRICT_OBJC_MSGSEND = YES;
				GCC_C_LANGUAGE_STANDARD = gnu99;
				GCC_NO_COMMON_BLOCKS = YES;
				GCC_WARN_64_TO_32_BIT_CONVERSION = YES;
				GCC_WARN_ABOUT_RETURN_TYPE = YES_ERROR;
				GCC_WARN_UNDECLARED_SELECTOR = YES;
				GCC_WARN_UNINITIALIZED_AUTOS = YES_AGGRESSIVE;
				GCC_WARN_UNUSED_FUNCTION = YES;
				GCC_WARN_UNUSED_VARIABLE = YES;
				IPHONEOS_DEPLOYMENT_TARGET = 10.2;
				MTL_ENABLE_DEBUG_INFO = NO;
				SDKROOT = iphoneos;
				TARGETED_DEVICE_FAMILY = "1,2";
				VALIDATE_PRODUCT = YES;
			};
			name = Release;
		};
		6FCAED991E23D3F300E26186 /* Debug */ = {
			isa = XCBuildConfiguration;
			buildSettings = {
				ASSETCATALOG_COMPILER_APPICON_NAME = AppIcon;
				DEVELOPMENT_TEAM = 7MQC82TH5D;
				INFOPLIST_FILE = "TestTemplateJS-Objc/Info.plist";
				LD_RUNPATH_SEARCH_PATHS = "$(inherited) @executable_path/Frameworks";
				PRODUCT_BUNDLE_IDENTIFIER = "com.zhuatang.TestTemplateJS-Objc";
				PRODUCT_NAME = "$(TARGET_NAME)";
			};
			name = Debug;
		};
		6FCAED9A1E23D3F300E26186 /* Release */ = {
			isa = XCBuildConfiguration;
			buildSettings = {
				ASSETCATALOG_COMPILER_APPICON_NAME = AppIcon;
				DEVELOPMENT_TEAM = 7MQC82TH5D;
				INFOPLIST_FILE = "TestTemplateJS-Objc/Info.plist";
				LD_RUNPATH_SEARCH_PATHS = "$(inherited) @executable_path/Frameworks";
				PRODUCT_BUNDLE_IDENTIFIER = "com.zhuatang.TestTemplateJS-Objc";
				PRODUCT_NAME = "$(TARGET_NAME)";
			};
			name = Release;
		};
/* End XCBuildConfiguration section */

/* Begin XCConfigurationList section */
		6FCAED7C1E23D3F300E26186 /* Build configuration list for PBXProject "TestTemplateJS-Objc" */ = {
			isa = XCConfigurationList;
			buildConfigurations = (
				6FCAED961E23D3F300E26186 /* Debug */,
				6FCAED971E23D3F300E26186 /* Release */,
			);
			defaultConfigurationIsVisible = 0;
			defaultConfigurationName = Release;
		};
		6FCAED981E23D3F300E26186 /* Build configuration list for PBXNativeTarget "TestTemplateJS-Objc" */ = {
			isa = XCConfigurationList;
			buildConfigurations = (
				6FCAED991E23D3F300E26186 /* Debug */,
				6FCAED9A1E23D3F300E26186 /* Release */,
			);
			defaultConfigurationIsVisible = 0;
			defaultConfigurationName = Release;
		};
/* End XCConfigurationList section */
	};
	rootObject = 6FCAED791E23D3F300E26186 /* Project object */;
}
